
Microsoft Visual Studio Solution File, Format Version 12.00
# Visual Studio Version 16
VisualStudioVersion = 16.0.30011.22
MinimumVisualStudioVersion = 15.0.26124.0
Project("{FAE04EC0-301F-11D3-BF4B-00C04F79EFBC}") = "CQRS", "CQRS\CQRS.csproj", "{5DA7CC91-08B1-439D-886C-F23CFCA8BDEB}"
EndProject
Global
	GlobalSection(SolutionConfigurationPlatforms) = preSolution
		Debug|Any CPU = Debug|Any CPU
		Debug|x64 = Debug|x64
		Debug|x86 = Debug|x86
		Release|Any CPU = Release|Any CPU
		Release|x64 = Release|x64
		Release|x86 = Release|x86
	EndGlobalSection
	GlobalSection(ProjectConfigurationPlatforms) = postSolution
		{5DA7CC91-08B1-439D-886C-F23CFCA8BDEB}.Debug|Any CPU.ActiveCfg = Debug|Any CPU
		{5DA7CC91-08B1-439D-886C-F23CFCA8BDEB}.Debug|Any CPU.Build.0 = Debug|Any CPU
		{5DA7CC91-08B1-439D-886C-F23CFCA8BDEB}.Debug|x64.ActiveCfg = Debug|Any CPU
		{5DA7CC91-08B1-439D-886C-F23CFCA8BDEB}.Debug|x64.Build.0 = Debug|Any CPU
		{5DA7CC91-08B1-439D-886C-F23CFCA8BDEB}.Debug|x86.ActiveCfg = Debug|Any CPU
		{5DA7CC91-08B1-439D-886C-F23CFCA8BDEB}.Debug|x86.Build.0 = Debug|Any CPU
		{5DA7CC91-08B1-439D-886C-F23CFCA8BDEB}.Release|Any CPU.ActiveCfg = Release|Any CPU
		{5DA7CC91-08B1-439D-886C-F23CFCA8BDEB}.Release|Any CPU.Build.0 = Release|Any CPU
		{5DA7CC91-08B1-439D-886C-F23CFCA8BDEB}.Release|x64.ActiveCfg = Release|Any CPU
		{5DA7CC91-08B1-439D-886C-F23CFCA8BDEB}.Release|x64.Build.0 = Release|Any CPU
		{5DA7CC91-08B1-439D-886C-F23CFCA8BDEB}.Release|x86.ActiveCfg = Release|Any CPU
		{5DA7CC91-08B1-439D-886C-F23CFCA8BDEB}.Release|x86.Build.0 = Release|Any CPU
	EndGlobalSection
	GlobalSection(SolutionProperties) = preSolution
		HideSolutionNode = FALSE
	EndGlobalSection
	GlobalSection(ExtensibilityGlobals) = postSolution
		SolutionGuid = {47DB5E59-588A-42B3-98AC-914C65B53ABA}
	EndGlobalSection
EndGlobal
