
Microsoft Visual Studio Solution File, Format Version 12.00
# Visual Studio Version 16
VisualStudioVersion = 16.0.30011.22
MinimumVisualStudioVersion = 15.0.26124.0
Project("{FAE04EC0-301F-11D3-BF4B-00C04F79EFBC}") = "CQRS.API", "CQRS.API\CQRS.API.csproj", "{198599F7-DE2A-4E4F-82DD-79D43D936CC6}"
EndProject
Project("{FAE04EC0-301F-11D3-BF4B-00C04F79EFBC}") = "CQRS.Application", "CQRS.Application\CQRS.Application.csproj", "{09534A90-E1C3-44FA-924A-4F8FDE370279}"
EndProject
Project("{FAE04EC0-301F-11D3-BF4B-00C04F79EFBC}") = "CQRS.Domain", "CQRS.Domain\CQRS.Domain.csproj", "{E8A9A2C2-B9D9-4A16-BA86-731AF9FB7C50}"
EndProject
Project("{FAE04EC0-301F-11D3-BF4B-00C04F79EFBC}") = "CQRS.Infrastructure", "CQRS.Infrastructure\CQRS.Infrastructure.csproj", "{1B418436-C577-4493-B145-8C62D8328438}"
EndProject
Project("{FAE04EC0-301F-11D3-BF4B-00C04F79EFBC}") = "CQRS.Core", "CQRS.Core\CQRS.Core.csproj", "{F569203B-3B05-4D9F-9461-3FFE14852982}"
EndProject
Global
	GlobalSection(SolutionConfigurationPlatforms) = preSolution
		Debug|Any CPU = Debug|Any CPU
		Debug|x64 = Debug|x64
		Debug|x86 = Debug|x86
		Release|Any CPU = Release|Any CPU
		Release|x64 = Release|x64
		Release|x86 = Release|x86
	EndGlobalSection
	GlobalSection(ProjectConfigurationPlatforms) = postSolution
		{198599F7-DE2A-4E4F-82DD-79D43D936CC6}.Debug|Any CPU.ActiveCfg = Debug|Any CPU
		{198599F7-DE2A-4E4F-82DD-79D43D936CC6}.Debug|Any CPU.Build.0 = Debug|Any CPU
		{198599F7-DE2A-4E4F-82DD-79D43D936CC6}.Debug|x64.ActiveCfg = Debug|Any CPU
		{198599F7-DE2A-4E4F-82DD-79D43D936CC6}.Debug|x64.Build.0 = Debug|Any CPU
		{198599F7-DE2A-4E4F-82DD-79D43D936CC6}.Debug|x86.ActiveCfg = Debug|Any CPU
		{198599F7-DE2A-4E4F-82DD-79D43D936CC6}.Debug|x86.Build.0 = Debug|Any CPU
		{198599F7-DE2A-4E4F-82DD-79D43D936CC6}.Release|Any CPU.ActiveCfg = Release|Any CPU
		{198599F7-DE2A-4E4F-82DD-79D43D936CC6}.Release|Any CPU.Build.0 = Release|Any CPU
		{198599F7-DE2A-4E4F-82DD-79D43D936CC6}.Release|x64.ActiveCfg = Release|Any CPU
		{198599F7-DE2A-4E4F-82DD-79D43D936CC6}.Release|x64.Build.0 = Release|Any CPU
		{198599F7-DE2A-4E4F-82DD-79D43D936CC6}.Release|x86.ActiveCfg = Release|Any CPU
		{198599F7-DE2A-4E4F-82DD-79D43D936CC6}.Release|x86.Build.0 = Release|Any CPU
		{09534A90-E1C3-44FA-924A-4F8FDE370279}.Debug|Any CPU.ActiveCfg = Debug|Any CPU
		{09534A90-E1C3-44FA-924A-4F8FDE370279}.Debug|Any CPU.Build.0 = Debug|Any CPU
		{09534A90-E1C3-44FA-924A-4F8FDE370279}.Debug|x64.ActiveCfg = Debug|Any CPU
		{09534A90-E1C3-44FA-924A-4F8FDE370279}.Debug|x64.Build.0 = Debug|Any CPU
		{09534A90-E1C3-44FA-924A-4F8FDE370279}.Debug|x86.ActiveCfg = Debug|Any CPU
		{09534A90-E1C3-44FA-924A-4F8FDE370279}.Debug|x86.Build.0 = Debug|Any CPU
		{09534A90-E1C3-44FA-924A-4F8FDE370279}.Release|Any CPU.ActiveCfg = Release|Any CPU
		{09534A90-E1C3-44FA-924A-4F8FDE370279}.Release|Any CPU.Build.0 = Release|Any CPU
		{09534A90-E1C3-44FA-924A-4F8FDE370279}.Release|x64.ActiveCfg = Release|Any CPU
		{09534A90-E1C3-44FA-924A-4F8FDE370279}.Release|x64.Build.0 = Release|Any CPU
		{09534A90-E1C3-44FA-924A-4F8FDE370279}.Release|x86.ActiveCfg = Release|Any CPU
		{09534A90-E1C3-44FA-924A-4F8FDE370279}.Release|x86.Build.0 = Release|Any CPU
		{E8A9A2C2-B9D9-4A16-BA86-731AF9FB7C50}.Debug|Any CPU.ActiveCfg = Debug|Any CPU
		{E8A9A2C2-B9D9-4A16-BA86-731AF9FB7C50}.Debug|Any CPU.Build.0 = Debug|Any CPU
		{E8A9A2C2-B9D9-4A16-BA86-731AF9FB7C50}.Debug|x64.ActiveCfg = Debug|Any CPU
		{E8A9A2C2-B9D9-4A16-BA86-731AF9FB7C50}.Debug|x64.Build.0 = Debug|Any CPU
		{E8A9A2C2-B9D9-4A16-BA86-731AF9FB7C50}.Debug|x86.ActiveCfg = Debug|Any CPU
		{E8A9A2C2-B9D9-4A16-BA86-731AF9FB7C50}.Debug|x86.Build.0 = Debug|Any CPU
		{E8A9A2C2-B9D9-4A16-BA86-731AF9FB7C50}.Release|Any CPU.ActiveCfg = Release|Any CPU
		{E8A9A2C2-B9D9-4A16-BA86-731AF9FB7C50}.Release|Any CPU.Build.0 = Release|Any CPU
		{E8A9A2C2-B9D9-4A16-BA86-731AF9FB7C50}.Release|x64.ActiveCfg = Release|Any CPU
		{E8A9A2C2-B9D9-4A16-BA86-731AF9FB7C50}.Release|x64.Build.0 = Release|Any CPU
		{E8A9A2C2-B9D9-4A16-BA86-731AF9FB7C50}.Release|x86.ActiveCfg = Release|Any CPU
		{E8A9A2C2-B9D9-4A16-BA86-731AF9FB7C50}.Release|x86.Build.0 = Release|Any CPU
		{1B418436-C577-4493-B145-8C62D8328438}.Debug|Any CPU.ActiveCfg = Debug|Any CPU
		{1B418436-C577-4493-B145-8C62D8328438}.Debug|Any CPU.Build.0 = Debug|Any CPU
		{1B418436-C577-4493-B145-8C62D8328438}.Debug|x64.ActiveCfg = Debug|Any CPU
		{1B418436-C577-4493-B145-8C62D8328438}.Debug|x64.Build.0 = Debug|Any CPU
		{1B418436-C577-4493-B145-8C62D8328438}.Debug|x86.ActiveCfg = Debug|Any CPU
		{1B418436-C577-4493-B145-8C62D8328438}.Debug|x86.Build.0 = Debug|Any CPU
		{1B418436-C577-4493-B145-8C62D8328438}.Release|Any CPU.ActiveCfg = Release|Any CPU
		{1B418436-C577-4493-B145-8C62D8328438}.Release|Any CPU.Build.0 = Release|Any CPU
		{1B418436-C577-4493-B145-8C62D8328438}.Release|x64.ActiveCfg = Release|Any CPU
		{1B418436-C577-4493-B145-8C62D8328438}.Release|x64.Build.0 = Release|Any CPU
		{1B418436-C577-4493-B145-8C62D8328438}.Release|x86.ActiveCfg = Release|Any CPU
		{1B418436-C577-4493-B145-8C62D8328438}.Release|x86.Build.0 = Release|Any CPU
		{F569203B-3B05-4D9F-9461-3FFE14852982}.Debug|Any CPU.ActiveCfg = Debug|Any CPU
		{F569203B-3B05-4D9F-9461-3FFE14852982}.Debug|Any CPU.Build.0 = Debug|Any CPU
		{F569203B-3B05-4D9F-9461-3FFE14852982}.Debug|x64.ActiveCfg = Debug|Any CPU
		{F569203B-3B05-4D9F-9461-3FFE14852982}.Debug|x64.Build.0 = Debug|Any CPU
		{F569203B-3B05-4D9F-9461-3FFE14852982}.Debug|x86.ActiveCfg = Debug|Any CPU
		{F569203B-3B05-4D9F-9461-3FFE14852982}.Debug|x86.Build.0 = Debug|Any CPU
		{F569203B-3B05-4D9F-9461-3FFE14852982}.Release|Any CPU.ActiveCfg = Release|Any CPU
		{F569203B-3B05-4D9F-9461-3FFE14852982}.Release|Any CPU.Build.0 = Release|Any CPU
		{F569203B-3B05-4D9F-9461-3FFE14852982}.Release|x64.ActiveCfg = Release|Any CPU
		{F569203B-3B05-4D9F-9461-3FFE14852982}.Release|x64.Build.0 = Release|Any CPU
		{F569203B-3B05-4D9F-9461-3FFE14852982}.Release|x86.ActiveCfg = Release|Any CPU
		{F569203B-3B05-4D9F-9461-3FFE14852982}.Release|x86.Build.0 = Release|Any CPU
	EndGlobalSection
	GlobalSection(SolutionProperties) = preSolution
		HideSolutionNode = FALSE
	EndGlobalSection
	GlobalSection(ExtensibilityGlobals) = postSolution
		SolutionGuid = {47DB5E59-588A-42B3-98AC-914C65B53ABA}
	EndGlobalSection
EndGlobal
